
Microsoft Visual Studio Solution File, Format Version 12.00
# Visual Studio Version 16
VisualStudioVersion = 25.0.1704.2
MinimumVisualStudioVersion = 10.0.40219.1
Project("{FAE04EC0-301F-11D3-BF4B-00C04F79EFBC}") = "deliverable 2", "deliverable 2.csproj", "{1EEB77EC-83E7-416D-8C82-CC79C5C47EA4}"
EndProject
Global
	GlobalSection(SolutionConfigurationPlatforms) = preSolution
		Debug|Any CPU = Debug|Any CPU
		Release|Any CPU = Release|Any CPU
	EndGlobalSection
	GlobalSection(ProjectConfigurationPlatforms) = postSolution
		{1EEB77EC-83E7-416D-8C82-CC79C5C47EA4}.Debug|Any CPU.ActiveCfg = Debug|Any CPU
		{1EEB77EC-83E7-416D-8C82-CC79C5C47EA4}.Debug|Any CPU.Build.0 = Debug|Any CPU
		{1EEB77EC-83E7-416D-8C82-CC79C5C47EA4}.Release|Any CPU.ActiveCfg = Release|Any CPU
		{1EEB77EC-83E7-416D-8C82-CC79C5C47EA4}.Release|Any CPU.Build.0 = Release|Any CPU
	EndGlobalSection
	GlobalSection(SolutionProperties) = preSolution
		HideSolutionNode = FALSE
	EndGlobalSection
	GlobalSection(ExtensibilityGlobals) = postSolution
		SolutionGuid = {19478052-A669-4BB6-8B87-CD68571EA172}
	EndGlobalSection
EndGlobal
